
Microsoft Visual Studio Solution File, Format Version 11.00
# Visual Studio 2010
Project("{FAE04EC0-301F-11D3-BF4B-00C04F79EFBC}") = "Assembly-CSharp", "Assembly-CSharp.csproj", "{8dbc13a5-7d6a-c5d6-eebe-d27cf600d276}"
EndProject
Project("{FAE04EC0-301F-11D3-BF4B-00C04F79EFBC}") = "spine-unity", "spine-unity.csproj", "{a461a1de-23e7-8655-88e9-77780f650fe7}"
EndProject
Project("{FAE04EC0-301F-11D3-BF4B-00C04F79EFBC}") = "spine-unity-examples", "spine-unity-examples.csproj", "{311b6c65-2c30-5966-603e-58bad30d8ab9}"
EndProject
Project("{FAE04EC0-301F-11D3-BF4B-00C04F79EFBC}") = "spine-unity-editor", "spine-unity-editor.csproj", "{f7be7cb1-0720-3ed9-049a-76f16812c84c}"
EndProject
Project("{FAE04EC0-301F-11D3-BF4B-00C04F79EFBC}") = "spine-unity-examples-editor", "spine-unity-examples-editor.csproj", "{d2bb92bc-1d7d-51c2-6463-59bff990aaff}"
EndProject
Project("{FAE04EC0-301F-11D3-BF4B-00C04F79EFBC}") = "Assembly-CSharp-Editor", "Assembly-CSharp-Editor.csproj", "{6fba28b7-4abb-b966-57a2-597cad6a31b0}"
EndProject
Global
	GlobalSection(SolutionConfigurationPlatforms) = preSolution
		Debug|Any CPU = Debug|Any CPU
	EndGlobalSection
	GlobalSection(ProjectConfigurationPlatforms) = postSolution
		{8dbc13a5-7d6a-c5d6-eebe-d27cf600d276}.Debug|Any CPU.ActiveCfg = Debug|Any CPU
		{8dbc13a5-7d6a-c5d6-eebe-d27cf600d276}.Debug|Any CPU.Build.0 = Debug|Any CPU
		{a461a1de-23e7-8655-88e9-77780f650fe7}.Debug|Any CPU.ActiveCfg = Debug|Any CPU
		{a461a1de-23e7-8655-88e9-77780f650fe7}.Debug|Any CPU.Build.0 = Debug|Any CPU
		{311b6c65-2c30-5966-603e-58bad30d8ab9}.Debug|Any CPU.ActiveCfg = Debug|Any CPU
		{311b6c65-2c30-5966-603e-58bad30d8ab9}.Debug|Any CPU.Build.0 = Debug|Any CPU
		{f7be7cb1-0720-3ed9-049a-76f16812c84c}.Debug|Any CPU.ActiveCfg = Debug|Any CPU
		{f7be7cb1-0720-3ed9-049a-76f16812c84c}.Debug|Any CPU.Build.0 = Debug|Any CPU
		{d2bb92bc-1d7d-51c2-6463-59bff990aaff}.Debug|Any CPU.ActiveCfg = Debug|Any CPU
		{d2bb92bc-1d7d-51c2-6463-59bff990aaff}.Debug|Any CPU.Build.0 = Debug|Any CPU
		{6fba28b7-4abb-b966-57a2-597cad6a31b0}.Debug|Any CPU.ActiveCfg = Debug|Any CPU
		{6fba28b7-4abb-b966-57a2-597cad6a31b0}.Debug|Any CPU.Build.0 = Debug|Any CPU
	EndGlobalSection
	GlobalSection(SolutionProperties) = preSolution
		HideSolutionNode = FALSE
	EndGlobalSection
EndGlobal
